PODS:
  - FDTake (3.0.0)
  - Flutter (1.0.0)
  - integration_test (0.0.1):
    - Flutter
  - simple_picker (0.0.4):
    - FDTake
    - Flutter

DEPENDENCIES:
  - Flutter (from `Flutter`)
  - integration_test (from `.symlinks/plugins/integration_test/ios`)
  - simple_picker (from `.symlinks/plugins/simple_picker/ios`)

SPEC REPOS:
  trunk:
    - FDTake

EXTERNAL SOURCES:
  Flutter:
    :path: Flutter
  integration_test:
    :path: ".symlinks/plugins/integration_test/ios"
  simple_picker:
    :path: ".symlinks/plugins/simple_picker/ios"

SPEC CHECKSUMS:
  FDTake: cbae493765483304fbaa48e402ea3d7b22ba86d0
  Flutter: f04841e97a9d0b0a8025694d0796dd46242b2854
  integration_test: 13825b8a9334a850581300559b8839134b124670
  simple_picker: 6f422cc45905d98ec8a43ad2f9faf9bd34ec4018

PODFILE CHECKSUM: 70d9d25280d0dd177a5f637cdb0f0b0b12c6a189

COCOAPODS: 1.15.2
